
Microsoft Visual Studio Solution File, Format Version 12.00
# Visual Studio Version 17
VisualStudioVersion = 17.5.33414.496
MinimumVisualStudioVersion = 10.0.40219.1
Project("{9A19103F-16F7-4668-BE54-9A1E7A4F7556}") = "Week3Switch", "Week3Switch\Week3Switch.csproj", "{3BDDE093-57BE-4126-8DF8-5E46DDAB008D}"
EndProject
Project("{FAE04EC0-301F-11D3-BF4B-00C04F79EFBC}") = "Week3RemainderOperator", "Week3RemainderOperator\Week3RemainderOperator.csproj", "{6B139269-CB98-4FAB-A4A7-59C4682CB537}"
EndProject
Global
	GlobalSection(SolutionConfigurationPlatforms) = preSolution
		Debug|Any CPU = Debug|Any CPU
		Release|Any CPU = Release|Any CPU
	EndGlobalSection
	GlobalSection(ProjectConfigurationPlatforms) = postSolution
		{3BDDE093-57BE-4126-8DF8-5E46DDAB008D}.Debug|Any CPU.ActiveCfg = Debug|Any CPU
		{3BDDE093-57BE-4126-8DF8-5E46DDAB008D}.Debug|Any CPU.Build.0 = Debug|Any CPU
		{3BDDE093-57BE-4126-8DF8-5E46DDAB008D}.Release|Any CPU.ActiveCfg = Release|Any CPU
		{3BDDE093-57BE-4126-8DF8-5E46DDAB008D}.Release|Any CPU.Build.0 = Release|Any CPU
		{6B139269-CB98-4FAB-A4A7-59C4682CB537}.Debug|Any CPU.ActiveCfg = Debug|Any CPU
		{6B139269-CB98-4FAB-A4A7-59C4682CB537}.Debug|Any CPU.Build.0 = Debug|Any CPU
		{6B139269-CB98-4FAB-A4A7-59C4682CB537}.Release|Any CPU.ActiveCfg = Release|Any CPU
		{6B139269-CB98-4FAB-A4A7-59C4682CB537}.Release|Any CPU.Build.0 = Release|Any CPU
	EndGlobalSection
	GlobalSection(SolutionProperties) = preSolution
		HideSolutionNode = FALSE
	EndGlobalSection
	GlobalSection(ExtensibilityGlobals) = postSolution
		SolutionGuid = {119B37C2-EF3F-4770-9034-9DC0AAC1E2DA}
	EndGlobalSection
EndGlobal
